
Microsoft Visual Studio Solution File, Format Version 12.00
# Visual Studio Version 16
VisualStudioVersion = 16.0.29025.244
MinimumVisualStudioVersion = 10.0.40219.1
Project("{FAE04EC0-301F-11D3-BF4B-00C04F79EFBC}") = "ECommerce", "ECommerce\ECommerce.csproj", "{2BE26383-BD90-468F-B273-9C309B87C5D7}"
EndProject
Global
	GlobalSection(SolutionConfigurationPlatforms) = preSolution
		Debug|Any CPU = Debug|Any CPU
		Release|Any CPU = Release|Any CPU
	EndGlobalSection
	GlobalSection(ProjectConfigurationPlatforms) = postSolution
		{2BE26383-BD90-468F-B273-9C309B87C5D7}.Debug|Any CPU.ActiveCfg = Debug|Any CPU
		{2BE26383-BD90-468F-B273-9C309B87C5D7}.Debug|Any CPU.Build.0 = Debug|Any CPU
		{2BE26383-BD90-468F-B273-9C309B87C5D7}.Release|Any CPU.ActiveCfg = Release|Any CPU
		{2BE26383-BD90-468F-B273-9C309B87C5D7}.Release|Any CPU.Build.0 = Release|Any CPU
	EndGlobalSection
	GlobalSection(SolutionProperties) = preSolution
		HideSolutionNode = FALSE
	EndGlobalSection
	GlobalSection(ExtensibilityGlobals) = postSolution
		SolutionGuid = {FC482F55-5F28-423B-9BB0-83F1C306AC9B}
	EndGlobalSection
EndGlobal
